{
  "name": "locustjs",
  "version": "1.0.11",
  "lockfileVersion": 1,
  "requires": true,
  "dependencies": {
    "locustjs-base": {
      "version": "1.0.0",
      "resolved": "https://registry.npmjs.org/locustjs-base/-/locustjs-base-1.0.0.tgz",
      "integrity": "sha512-Ht2GG2fX24bilMZt27rDyqMY27ST35dIr/CVozsIZz22ha5KP4TxqW4UryUHs39w/UH3tx5FzTs6kHAtdmy4tA=="
    },
    "locustjs-extensions-object": {
      "version": "1.0.0",
      "resolved": "https://registry.npmjs.org/locustjs-extensions-object/-/locustjs-extensions-object-1.0.0.tgz",
      "integrity": "sha512-0dFh7k3euTs0F4gU6qr31QdSdS/uvKxSZ7trkVjQ3FR4Yv+KCxpfE+J1H7/JLJOWxPo0iOnIRwey6RWHkXBN8w=="
    }
  }
}
